
Microsoft Visual Studio Solution File, Format Version 12.00
# Visual Studio Version 17
VisualStudioVersion = 17.1.32319.34
MinimumVisualStudioVersion = 10.0.40219.1
Project("{9A19103F-16F7-4668-BE54-9A1E7A4F7556}") = "TerraAngelSetup", "TerraAngelSetup\TerraAngelSetup\TerraAngelSetup.csproj", "{1D37E12A-C6C1-4DF7-BAF0-E810507CBBB8}"
EndProject
Global
	GlobalSection(SolutionConfigurationPlatforms) = preSolution
		Debug|Any CPU = Debug|Any CPU
		Release|Any CPU = Release|Any CPU
	EndGlobalSection
	GlobalSection(ProjectConfigurationPlatforms) = postSolution
		{1D37E12A-C6C1-4DF7-BAF0-E810507CBBB8}.Debug|Any CPU.ActiveCfg = Debug|Any CPU
		{1D37E12A-C6C1-4DF7-BAF0-E810507CBBB8}.Debug|Any CPU.Build.0 = Debug|Any CPU
		{1D37E12A-C6C1-4DF7-BAF0-E810507CBBB8}.Release|Any CPU.ActiveCfg = Release|Any CPU
		{1D37E12A-C6C1-4DF7-BAF0-E810507CBBB8}.Release|Any CPU.Build.0 = Release|Any CPU
	EndGlobalSection
	GlobalSection(SolutionProperties) = preSolution
		HideSolutionNode = FALSE
	EndGlobalSection
	GlobalSection(ExtensibilityGlobals) = postSolution
		SolutionGuid = {16F5A258-6DE7-4762-9C5E-4A097FB3C47B}
	EndGlobalSection
EndGlobal
