
Microsoft Visual Studio Solution File, Format Version 12.00
# Visual Studio Version 17
VisualStudioVersion = 17.2.32616.157
MinimumVisualStudioVersion = 10.0.40219.1
Project("{9A19103F-16F7-4668-BE54-9A1E7A4F7556}") = "Terraria", "Terraria\Terraria.csproj", "{14861D20-10EB-41DA-9674-BD308934CEB2}"
EndProject
Project("{9A19103F-16F7-4668-BE54-9A1E7A4F7556}") = "ReLogic", "ReLogic\ReLogic.csproj", "{704D76C7-DA69-4C9B-AC6A-5BEAB0678037}"
EndProject
Project("{9A19103F-16F7-4668-BE54-9A1E7A4F7556}") = "TerraAngel.PluginAPI", "TerraAngel.PluginAPI\TerraAngel.PluginAPI.csproj", "{44C54679-D4AE-404E-95AB-1F210A7C5EF0}"
EndProject
Project("{9A19103F-16F7-4668-BE54-9A1E7A4F7556}") = "TerraAngel.Tests", "TerraAngel.Tests\TerraAngel.Tests.csproj", "{FF3E36B7-95D4-496C-8D0B-311F41EC7167}"
EndProject
Project("{9A19103F-16F7-4668-BE54-9A1E7A4F7556}") = "FNA.Core", "..\..\TNA\FNA.Core.csproj", "{9B440AD2-2BEF-4D6B-9D9E-79EB45CB15CE}"
EndProject
Project("{9A19103F-16F7-4668-BE54-9A1E7A4F7556}") = "ImGui.NET", "..\..\ImGui.NET\src\ImGui.NET\ImGui.NET.csproj", "{8AC974D9-FB3D-4D4F-9966-4556C824EDAA}"
EndProject
Global
	GlobalSection(SolutionConfigurationPlatforms) = preSolution
		Debug|Any CPU = Debug|Any CPU
		Release|Any CPU = Release|Any CPU
	EndGlobalSection
	GlobalSection(ProjectConfigurationPlatforms) = postSolution
		{14861D20-10EB-41DA-9674-BD308934CEB2}.Debug|Any CPU.ActiveCfg = Debug|Any CPU
		{14861D20-10EB-41DA-9674-BD308934CEB2}.Debug|Any CPU.Build.0 = Debug|Any CPU
		{14861D20-10EB-41DA-9674-BD308934CEB2}.Release|Any CPU.ActiveCfg = Release|Any CPU
		{14861D20-10EB-41DA-9674-BD308934CEB2}.Release|Any CPU.Build.0 = Release|Any CPU
		{704D76C7-DA69-4C9B-AC6A-5BEAB0678037}.Debug|Any CPU.ActiveCfg = Debug|Any CPU
		{704D76C7-DA69-4C9B-AC6A-5BEAB0678037}.Debug|Any CPU.Build.0 = Debug|Any CPU
		{704D76C7-DA69-4C9B-AC6A-5BEAB0678037}.Release|Any CPU.ActiveCfg = Release|Any CPU
		{704D76C7-DA69-4C9B-AC6A-5BEAB0678037}.Release|Any CPU.Build.0 = Release|Any CPU
		{44C54679-D4AE-404E-95AB-1F210A7C5EF0}.Debug|Any CPU.ActiveCfg = Debug|Any CPU
		{44C54679-D4AE-404E-95AB-1F210A7C5EF0}.Debug|Any CPU.Build.0 = Debug|Any CPU
		{44C54679-D4AE-404E-95AB-1F210A7C5EF0}.Release|Any CPU.ActiveCfg = Release|Any CPU
		{44C54679-D4AE-404E-95AB-1F210A7C5EF0}.Release|Any CPU.Build.0 = Release|Any CPU
		{FF3E36B7-95D4-496C-8D0B-311F41EC7167}.Debug|Any CPU.ActiveCfg = Debug|Any CPU
		{FF3E36B7-95D4-496C-8D0B-311F41EC7167}.Debug|Any CPU.Build.0 = Debug|Any CPU
		{FF3E36B7-95D4-496C-8D0B-311F41EC7167}.Release|Any CPU.ActiveCfg = Release|Any CPU
		{FF3E36B7-95D4-496C-8D0B-311F41EC7167}.Release|Any CPU.Build.0 = Release|Any CPU
		{9B440AD2-2BEF-4D6B-9D9E-79EB45CB15CE}.Debug|Any CPU.ActiveCfg = Debug|Any CPU
		{9B440AD2-2BEF-4D6B-9D9E-79EB45CB15CE}.Debug|Any CPU.Build.0 = Debug|Any CPU
		{9B440AD2-2BEF-4D6B-9D9E-79EB45CB15CE}.Release|Any CPU.ActiveCfg = Release|Any CPU
		{9B440AD2-2BEF-4D6B-9D9E-79EB45CB15CE}.Release|Any CPU.Build.0 = Release|Any CPU
		{8AC974D9-FB3D-4D4F-9966-4556C824EDAA}.Debug|Any CPU.ActiveCfg = Debug|Any CPU
		{8AC974D9-FB3D-4D4F-9966-4556C824EDAA}.Debug|Any CPU.Build.0 = Debug|Any CPU
		{8AC974D9-FB3D-4D4F-9966-4556C824EDAA}.Release|Any CPU.ActiveCfg = Release|Any CPU
		{8AC974D9-FB3D-4D4F-9966-4556C824EDAA}.Release|Any CPU.Build.0 = Release|Any CPU
	EndGlobalSection
	GlobalSection(SolutionProperties) = preSolution
		HideSolutionNode = FALSE
	EndGlobalSection
	GlobalSection(ExtensibilityGlobals) = postSolution
		SolutionGuid = {5D282B20-1D3F-4187-8E90-9B332EE32B0A}
	EndGlobalSection
EndGlobal
