
Microsoft Visual Studio Solution File, Format Version 12.00
# Visual Studio Version 17
VisualStudioVersion = 17.2.32616.157
MinimumVisualStudioVersion = 10.0.40219.1
Project("{9A19103F-16F7-4668-BE54-9A1E7A4F7556}") = "Terraria", "Terraria\Terraria.csproj", "{14861D20-10EB-41DA-9674-BD308934CEB2}"
EndProject
Project("{9A19103F-16F7-4668-BE54-9A1E7A4F7556}") = "ReLogic", "ReLogic\ReLogic.csproj", "{704D76C7-DA69-4C9B-AC6A-5BEAB0678037}"
EndProject
Project("{9A19103F-16F7-4668-BE54-9A1E7A4F7556}") = "TerraAngelPluginAPI", "TerraAngelPluginAPI\TerraAngelPluginAPI.csproj", "{44C54679-D4AE-404E-95AB-1F210A7C5EF0}"
EndProject
Global
	GlobalSection(SolutionConfigurationPlatforms) = preSolution
		Debug|Any CPU = Debug|Any CPU
		Release|Any CPU = Release|Any CPU
	EndGlobalSection
	GlobalSection(ProjectConfigurationPlatforms) = postSolution
		{14861D20-10EB-41DA-9674-BD308934CEB2}.Debug|Any CPU.ActiveCfg = Debug|Any CPU
		{14861D20-10EB-41DA-9674-BD308934CEB2}.Debug|Any CPU.Build.0 = Debug|Any CPU
		{14861D20-10EB-41DA-9674-BD308934CEB2}.Release|Any CPU.ActiveCfg = Release|Any CPU
		{14861D20-10EB-41DA-9674-BD308934CEB2}.Release|Any CPU.Build.0 = Release|Any CPU
		{704D76C7-DA69-4C9B-AC6A-5BEAB0678037}.Debug|Any CPU.ActiveCfg = Debug|Any CPU
		{704D76C7-DA69-4C9B-AC6A-5BEAB0678037}.Debug|Any CPU.Build.0 = Debug|Any CPU
		{704D76C7-DA69-4C9B-AC6A-5BEAB0678037}.Release|Any CPU.ActiveCfg = Release|Any CPU
		{704D76C7-DA69-4C9B-AC6A-5BEAB0678037}.Release|Any CPU.Build.0 = Release|Any CPU
		{44C54679-D4AE-404E-95AB-1F210A7C5EF0}.Debug|Any CPU.ActiveCfg = Debug|Any CPU
		{44C54679-D4AE-404E-95AB-1F210A7C5EF0}.Debug|Any CPU.Build.0 = Debug|Any CPU
		{44C54679-D4AE-404E-95AB-1F210A7C5EF0}.Release|Any CPU.ActiveCfg = Release|Any CPU
		{44C54679-D4AE-404E-95AB-1F210A7C5EF0}.Release|Any CPU.Build.0 = Release|Any CPU
	EndGlobalSection
	GlobalSection(SolutionProperties) = preSolution
		HideSolutionNode = FALSE
	EndGlobalSection
	GlobalSection(ExtensibilityGlobals) = postSolution
		SolutionGuid = {5D282B20-1D3F-4187-8E90-9B332EE32B0A}
	EndGlobalSection
EndGlobal
